
Microsoft Visual Studio Solution File, Format Version 12.00
Project("{FAE04EC0-301F-11D3-BF4B-00C04F79EFBC}") = "Repository", "Repository\Repository.csproj", "{08662974-F311-4215-8C09-87DE5ED3C39D}"
EndProject
Project("{FAE04EC0-301F-11D3-BF4B-00C04F79EFBC}") = "WebCore", "WebCore\WebCore.csproj", "{78739A7F-F902-42D2-990E-0798EA96618E}"
EndProject
Global
	GlobalSection(SolutionConfigurationPlatforms) = preSolution
		Debug|Any CPU = Debug|Any CPU
		Release|Any CPU = Release|Any CPU
	EndGlobalSection
	GlobalSection(ProjectConfigurationPlatforms) = postSolution
		{08662974-F311-4215-8C09-87DE5ED3C39D}.Debug|Any CPU.ActiveCfg = Debug|Any CPU
		{08662974-F311-4215-8C09-87DE5ED3C39D}.Debug|Any CPU.Build.0 = Debug|Any CPU
		{08662974-F311-4215-8C09-87DE5ED3C39D}.Release|Any CPU.ActiveCfg = Release|Any CPU
		{08662974-F311-4215-8C09-87DE5ED3C39D}.Release|Any CPU.Build.0 = Release|Any CPU
		{78739A7F-F902-42D2-990E-0798EA96618E}.Debug|Any CPU.ActiveCfg = Debug|Any CPU
		{78739A7F-F902-42D2-990E-0798EA96618E}.Debug|Any CPU.Build.0 = Debug|Any CPU
		{78739A7F-F902-42D2-990E-0798EA96618E}.Release|Any CPU.ActiveCfg = Release|Any CPU
		{78739A7F-F902-42D2-990E-0798EA96618E}.Release|Any CPU.Build.0 = Release|Any CPU
	EndGlobalSection
EndGlobal
